
Microsoft Visual Studio Solution File, Format Version 11.00
# Visual Studio 2010
Project("{FAE04EC0-301F-11D3-BF4B-00C04F79EFBC}") = "HumanRobotInteractionU", "Assembly-CSharp.csproj", "{D1D9AEF1-4860-242D-6203-F1B3DE718588}"
EndProject
Project("{FAE04EC0-301F-11D3-BF4B-00C04F79EFBC}") = "HumanRobotInteractionU", "Assembly-CSharp-Editor.csproj", "{4F33ACF8-32C5-76B6-26C9-FE490AB6E066}"
EndProject
Global
	GlobalSection(SolutionConfigurationPlatforms) = preSolution
		Debug|Any CPU = Debug|Any CPU
		Release|Any CPU = Release|Any CPU
	EndGlobalSection
	GlobalSection(ProjectConfigurationPlatforms) = postSolution
		{D1D9AEF1-4860-242D-6203-F1B3DE718588}.Debug|Any CPU.ActiveCfg = Debug|Any CPU
		{D1D9AEF1-4860-242D-6203-F1B3DE718588}.Debug|Any CPU.Build.0 = Debug|Any CPU
		{D1D9AEF1-4860-242D-6203-F1B3DE718588}.Release|Any CPU.ActiveCfg = Release|Any CPU
		{D1D9AEF1-4860-242D-6203-F1B3DE718588}.Release|Any CPU.Build.0 = Release|Any CPU
		{4F33ACF8-32C5-76B6-26C9-FE490AB6E066}.Debug|Any CPU.ActiveCfg = Debug|Any CPU
		{4F33ACF8-32C5-76B6-26C9-FE490AB6E066}.Debug|Any CPU.Build.0 = Debug|Any CPU
		{4F33ACF8-32C5-76B6-26C9-FE490AB6E066}.Release|Any CPU.ActiveCfg = Release|Any CPU
		{4F33ACF8-32C5-76B6-26C9-FE490AB6E066}.Release|Any CPU.Build.0 = Release|Any CPU
	EndGlobalSection
	GlobalSection(SolutionProperties) = preSolution
		HideSolutionNode = FALSE
	EndGlobalSection
	GlobalSection(MonoDevelopProperties) = preSolution
		StartupItem = Assembly-CSharp.csproj
	EndGlobalSection
EndGlobal
